
Microsoft Visual Studio Solution File, Format Version 12.00
# Visual Studio Version 17
VisualStudioVersion = 17.1.32328.378
MinimumVisualStudioVersion = 10.0.40219.1
Project("{FAE04EC0-301F-11D3-BF4B-00C04F79EFBC}") = "AtividadeEDII.17-08", "AtividadeEDII.17-08\AtividadeEDII.17-08.csproj", "{0561E66D-9AC0-4249-9479-F5AA074385C8}"
EndProject
Global
	GlobalSection(SolutionConfigurationPlatforms) = preSolution
		Debug|Any CPU = Debug|Any CPU
		Release|Any CPU = Release|Any CPU
	EndGlobalSection
	GlobalSection(ProjectConfigurationPlatforms) = postSolution
		{0561E66D-9AC0-4249-9479-F5AA074385C8}.Debug|Any CPU.ActiveCfg = Debug|Any CPU
		{0561E66D-9AC0-4249-9479-F5AA074385C8}.Debug|Any CPU.Build.0 = Debug|Any CPU
		{0561E66D-9AC0-4249-9479-F5AA074385C8}.Release|Any CPU.ActiveCfg = Release|Any CPU
		{0561E66D-9AC0-4249-9479-F5AA074385C8}.Release|Any CPU.Build.0 = Release|Any CPU
	EndGlobalSection
	GlobalSection(SolutionProperties) = preSolution
		HideSolutionNode = FALSE
	EndGlobalSection
	GlobalSection(ExtensibilityGlobals) = postSolution
		SolutionGuid = {F9A7442F-EC80-48BE-BE1B-D3C5DC1302AA}
	EndGlobalSection
EndGlobal
